version: 2.0
shards:
  baked_file_system:
    git: https://github.com/schovi/baked_file_system.git
    version: 0.9.8+git.commit.7183bfde8d86a976a6912f582b51cbd1783456af

  citrine-i18n:
    git: https://github.com/amberframework/citrine-i18n.git
    version: 0.4.0

  clim:
    git: https://github.com/at-grandpa/clim.git
    version: 0.17.1

  dotenv:
    git: https://github.com/gdotdesign/cr-dotenv.git
    version: 1.0.0

  exception_page:
    git: https://github.com/crystal-loot/exception_page.git
    version: 0.1.5

  i18n:
    git: https://github.com/techmagister/i18n.cr.git
    version: 0.3.1

  kemal:
    git: https://github.com/kemalcr/kemal.git
    version: 1.0.0

  kemal-csrf:
    git: https://github.com/kemalcr/kemal-csrf.git
    version: 0.8.0+git.commit.abaee30f1e8e28d896ed6bf5267a530b5d6ca638

  kemal-session:
    git: https://github.com/kemalcr/kemal-session.git
    version: 1.0.0

  kilt:
    git: https://github.com/jeromegn/kilt.git
    version: 0.4.1

  myhtml:
    git: https://github.com/kostya/myhtml.git
    version: 1.5.8

  openssl_ext:
    git: https://github.com/spider-gazelle/openssl_ext.git
    version: 2.2.0

  pool:
    git: https://github.com/ysbaddaden/pool.git
    version: 0.2.4

  radix:
    git: https://github.com/luislavena/radix.git
    version: 0.4.1

  redis:
    git: https://github.com/stefanwille/crystal-redis.git
    version: 2.8.3

  sidekiq:
    git: https://github.com/mperham/sidekiq.cr.git
    version: 0.7.0+git.commit.23de369b989dc854dcc5311aa2238005b4be1219

  toml:
    git: https://github.com/crystal-community/toml.cr.git
    version: 0.7.0+git.commit.4b6325e2a378bac4abc98ee4d5734d57a6a55554

  webmock:
    git: https://github.com/manastech/webmock.cr.git
    version: 0.14.0

